
Microsoft Visual Studio Solution File, Format Version 12.00
# Visual Studio 15
Project("{FAE04EC0-301F-11D3-BF4B-00C04F79EFBC}") = "Assembly-CSharp-firstpass", "Assembly-CSharp-firstpass.csproj", "{CC784BF9-0713-5604-BCAC-BCA48CE27B4E}"
EndProject
Project("{FAE04EC0-301F-11D3-BF4B-00C04F79EFBC}") = "Assembly-CSharp", "Assembly-CSharp.csproj", "{1D58223A-78F9-F9ED-0164-AC974F24B131}"
EndProject
Project("{FAE04EC0-301F-11D3-BF4B-00C04F79EFBC}") = "Assembly-CSharp-Editor-firstpass", "Assembly-CSharp-Editor-firstpass.csproj", "{5C1EA5C1-97AE-B052-A489-0D35034E60B5}"
EndProject
Global
	GlobalSection(SolutionConfigurationPlatforms) = preSolution
		Debug|Any CPU = Debug|Any CPU
		Release|Any CPU = Release|Any CPU
	EndGlobalSection
	GlobalSection(ProjectConfigurationPlatforms) = postSolution
		{CC784BF9-0713-5604-BCAC-BCA48CE27B4E}.Debug|Any CPU.ActiveCfg = Debug|Any CPU
		{CC784BF9-0713-5604-BCAC-BCA48CE27B4E}.Debug|Any CPU.Build.0 = Debug|Any CPU
		{CC784BF9-0713-5604-BCAC-BCA48CE27B4E}.Release|Any CPU.ActiveCfg = Release|Any CPU
		{CC784BF9-0713-5604-BCAC-BCA48CE27B4E}.Release|Any CPU.Build.0 = Release|Any CPU
		{1D58223A-78F9-F9ED-0164-AC974F24B131}.Debug|Any CPU.ActiveCfg = Debug|Any CPU
		{1D58223A-78F9-F9ED-0164-AC974F24B131}.Debug|Any CPU.Build.0 = Debug|Any CPU
		{1D58223A-78F9-F9ED-0164-AC974F24B131}.Release|Any CPU.ActiveCfg = Release|Any CPU
		{1D58223A-78F9-F9ED-0164-AC974F24B131}.Release|Any CPU.Build.0 = Release|Any CPU
		{5C1EA5C1-97AE-B052-A489-0D35034E60B5}.Debug|Any CPU.ActiveCfg = Debug|Any CPU
		{5C1EA5C1-97AE-B052-A489-0D35034E60B5}.Debug|Any CPU.Build.0 = Debug|Any CPU
		{5C1EA5C1-97AE-B052-A489-0D35034E60B5}.Release|Any CPU.ActiveCfg = Release|Any CPU
		{5C1EA5C1-97AE-B052-A489-0D35034E60B5}.Release|Any CPU.Build.0 = Release|Any CPU
	EndGlobalSection
	GlobalSection(SolutionProperties) = preSolution
		HideSolutionNode = FALSE
	EndGlobalSection
EndGlobal
